// !$*UTF8*$!
{
	archiveVersion = 1;
	classes = {
	};
	objectVersion = 56;
	objects = {

/* Begin PBXBuildFile section */
		7F1FD56F2CCD757400C7A788 /* rentlyApp.swift in Sources */ = {isa = PBXBuildFile; fileRef = 7F1FD56E2CCD757400C7A788 /* rentlyApp.swift */; };
		7F1FD5732CCD757500C7A788 /* Assets.xcassets in Resources */ = {isa = PBXBuildFile; fileRef = 7F1FD5722CCD757500C7A788 /* Assets.xcassets */; };
		7F1FD5762CCD757500C7A788 /* Preview Assets.xcassets in Resources */ = {isa = PBXBuildFile; fileRef = 7F1FD5752CCD757500C7A788 /* Preview Assets.xcassets */; };
		7F46DB6E2CCEDAF700181DB6 /* AppView.swift in Sources */ = {isa = PBXBuildFile; fileRef = 7F46DB6D2CCEDAF700181DB6 /* AppView.swift */; };
		7F46DB732CCEDBA700181DB6 /* HomeView.swift in Sources */ = {isa = PBXBuildFile; fileRef = 7F46DB722CCEDBA700181DB6 /* HomeView.swift */; };
		7F46DB772CCEDBBD00181DB6 /* ListView.swift in Sources */ = {isa = PBXBuildFile; fileRef = 7F46DB762CCEDBBD00181DB6 /* ListView.swift */; };
		7F46DB792CCEDBC900181DB6 /* RentalsView.swift in Sources */ = {isa = PBXBuildFile; fileRef = 7F46DB782CCEDBC900181DB6 /* RentalsView.swift */; };
		7F46DB7B2CCEDBD400181DB6 /* ProfileView.swift in Sources */ = {isa = PBXBuildFile; fileRef = 7F46DB7A2CCEDBD400181DB6 /* ProfileView.swift */; };
		7F46DB912CD454D600181DB6 /* User.swift in Sources */ = {isa = PBXBuildFile; fileRef = 7F46DB902CD454D600181DB6 /* User.swift */; };
		7F46DB942CD560B000181DB6 /* FirebaseAnalytics in Frameworks */ = {isa = PBXBuildFile; productRef = 7F46DB932CD560B000181DB6 /* FirebaseAnalytics */; };
		7F46DB962CD560B000181DB6 /* FirebaseAnalyticsOnDeviceConversion in Frameworks */ = {isa = PBXBuildFile; productRef = 7F46DB952CD560B000181DB6 /* FirebaseAnalyticsOnDeviceConversion */; };
		7F46DB982CD560B000181DB6 /* FirebaseAnalyticsWithoutAdIdSupport in Frameworks */ = {isa = PBXBuildFile; productRef = 7F46DB972CD560B000181DB6 /* FirebaseAnalyticsWithoutAdIdSupport */; };
		7F46DB9A2CD560B000181DB6 /* FirebaseAppCheck in Frameworks */ = {isa = PBXBuildFile; productRef = 7F46DB992CD560B000181DB6 /* FirebaseAppCheck */; };
		7F46DB9C2CD560B000181DB6 /* FirebaseAppDistribution-Beta in Frameworks */ = {isa = PBXBuildFile; productRef = 7F46DB9B2CD560B000181DB6 /* FirebaseAppDistribution-Beta */; };
		7F46DB9E2CD560B000181DB6 /* FirebaseAuth in Frameworks */ = {isa = PBXBuildFile; productRef = 7F46DB9D2CD560B000181DB6 /* FirebaseAuth */; };
		7F46DBA02CD560B000181DB6 /* FirebaseAuthCombine-Community in Frameworks */ = {isa = PBXBuildFile; productRef = 7F46DB9F2CD560B000181DB6 /* FirebaseAuthCombine-Community */; };
		7F46DBA22CD560B000181DB6 /* FirebaseCore in Frameworks */ = {isa = PBXBuildFile; productRef = 7F46DBA12CD560B000181DB6 /* FirebaseCore */; };
		7F46DBA42CD560B000181DB6 /* FirebaseCrashlytics in Frameworks */ = {isa = PBXBuildFile; productRef = 7F46DBA32CD560B000181DB6 /* FirebaseCrashlytics */; };
		7F46DBA62CD560B000181DB6 /* FirebaseDatabase in Frameworks */ = {isa = PBXBuildFile; productRef = 7F46DBA52CD560B000181DB6 /* FirebaseDatabase */; };
		7F46DBA82CD560B000181DB6 /* FirebaseDynamicLinks in Frameworks */ = {isa = PBXBuildFile; productRef = 7F46DBA72CD560B000181DB6 /* FirebaseDynamicLinks */; };
		7F46DBAA2CD560B000181DB6 /* FirebaseFirestore in Frameworks */ = {isa = PBXBuildFile; productRef = 7F46DBA92CD560B000181DB6 /* FirebaseFirestore */; };
		7F46DBAC2CD560B000181DB6 /* FirebaseFirestoreCombine-Community in Frameworks */ = {isa = PBXBuildFile; productRef = 7F46DBAB2CD560B000181DB6 /* FirebaseFirestoreCombine-Community */; };
		7F46DBAE2CD560B000181DB6 /* FirebaseFunctions in Frameworks */ = {isa = PBXBuildFile; productRef = 7F46DBAD2CD560B000181DB6 /* FirebaseFunctions */; };
		7F46DBB02CD560B000181DB6 /* FirebaseFunctionsCombine-Community in Frameworks */ = {isa = PBXBuildFile; productRef = 7F46DBAF2CD560B000181DB6 /* FirebaseFunctionsCombine-Community */; };
		7F46DBB22CD560B000181DB6 /* FirebaseInAppMessaging-Beta in Frameworks */ = {isa = PBXBuildFile; productRef = 7F46DBB12CD560B000181DB6 /* FirebaseInAppMessaging-Beta */; };
		7F46DBB42CD560B000181DB6 /* FirebaseInstallations in Frameworks */ = {isa = PBXBuildFile; productRef = 7F46DBB32CD560B000181DB6 /* FirebaseInstallations */; };
		7F46DBB62CD560B000181DB6 /* FirebaseMLModelDownloader in Frameworks */ = {isa = PBXBuildFile; productRef = 7F46DBB52CD560B000181DB6 /* FirebaseMLModelDownloader */; };
		7F46DBB82CD560B000181DB6 /* FirebaseMessaging in Frameworks */ = {isa = PBXBuildFile; productRef = 7F46DBB72CD560B000181DB6 /* FirebaseMessaging */; };
		7F46DBBA2CD560B000181DB6 /* FirebasePerformance in Frameworks */ = {isa = PBXBuildFile; productRef = 7F46DBB92CD560B000181DB6 /* FirebasePerformance */; };
		7F46DBBC2CD560B000181DB6 /* FirebaseRemoteConfig in Frameworks */ = {isa = PBXBuildFile; productRef = 7F46DBBB2CD560B000181DB6 /* FirebaseRemoteConfig */; };
		7F46DBBE2CD560B000181DB6 /* FirebaseStorage in Frameworks */ = {isa = PBXBuildFile; productRef = 7F46DBBD2CD560B000181DB6 /* FirebaseStorage */; };
		7F46DBC02CD560B000181DB6 /* FirebaseStorageCombine-Community in Frameworks */ = {isa = PBXBuildFile; productRef = 7F46DBBF2CD560B000181DB6 /* FirebaseStorageCombine-Community */; };
		7F46DBC22CD560B000181DB6 /* FirebaseVertexAI in Frameworks */ = {isa = PBXBuildFile; productRef = 7F46DBC12CD560B000181DB6 /* FirebaseVertexAI */; };
		7F46DBC42CD5612600181DB6 /* UserViewModel.swift in Sources */ = {isa = PBXBuildFile; fileRef = 7F46DBC32CD5612600181DB6 /* UserViewModel.swift */; };
		7FDC9B3F2CD6C1DA00CAE839 /* ContentView.swift in Sources */ = {isa = PBXBuildFile; fileRef = 7FDC9B3E2CD6C1DA00CAE839 /* ContentView.swift */; };
		CA127FA62CD94DCF006330DC /* RentalDetailView.swift in Sources */ = {isa = PBXBuildFile; fileRef = CA127FA52CD94DCF006330DC /* RentalDetailView.swift */; };
		CA127FA82CD958F2006330DC /* Rental.swift in Sources */ = {isa = PBXBuildFile; fileRef = CA127FA72CD958F2006330DC /* Rental.swift */; };
		CA127FAA2CD95954006330DC /* ActiveRentalsViewModel.swift in Sources */ = {isa = PBXBuildFile; fileRef = CA127FA92CD95954006330DC /* ActiveRentalsViewModel.swift */; };
		CA127FAC2CD9761D006330DC /* RentalHeaderView.swift in Sources */ = {isa = PBXBuildFile; fileRef = CA127FAB2CD9761D006330DC /* RentalHeaderView.swift */; };
		CA127FAE2CD97632006330DC /* RentalItemDetailsView.swift in Sources */ = {isa = PBXBuildFile; fileRef = CA127FAD2CD97632006330DC /* RentalItemDetailsView.swift */; };
		CA127FB02CD9763F006330DC /* RentalTimelineView.swift in Sources */ = {isa = PBXBuildFile; fileRef = CA127FAF2CD9763F006330DC /* RentalTimelineView.swift */; };
		CA127FB42CD9765A006330DC /* RentalPriceView.swift in Sources */ = {isa = PBXBuildFile; fileRef = CA127FB32CD9765A006330DC /* RentalPriceView.swift */; };
		CA127FB62CD97668006330DC /* RentalContactView.swift in Sources */ = {isa = PBXBuildFile; fileRef = CA127FB52CD97668006330DC /* RentalContactView.swift */; };
		CA127FB82CD9CCE2006330DC /* TrendingItem.swift in Sources */ = {isa = PBXBuildFile; fileRef = CA127FB72CD9CCE2006330DC /* TrendingItem.swift */; };
		CA127FBA2CD9CCFF006330DC /* TrendingViewModel.swift in Sources */ = {isa = PBXBuildFile; fileRef = CA127FB92CD9CCFF006330DC /* TrendingViewModel.swift */; };
		CA127FBF2CDACA81006330DC /* PopulateListings.swift in Sources */ = {isa = PBXBuildFile; fileRef = CA127FBE2CDACA81006330DC /* PopulateListings.swift */; };
		CA7CD17D2CDE5A250009DF72 /* SearchView.swift in Sources */ = {isa = PBXBuildFile; fileRef = CA7CD17C2CDE5A240009DF72 /* SearchView.swift */; };
		CA7CD17F2CDE5A430009DF72 /* UserProfileRow.swift in Sources */ = {isa = PBXBuildFile; fileRef = CA7CD17E2CDE5A420009DF72 /* UserProfileRow.swift */; };
		CA7CD1812CDE5A5F0009DF72 /* MakeListingView.swift in Sources */ = {isa = PBXBuildFile; fileRef = CA7CD1802CDE5A5F0009DF72 /* MakeListingView.swift */; };
		CA7CD1832CDE5A660009DF72 /* MakeListingTwoView.swift in Sources */ = {isa = PBXBuildFile; fileRef = CA7CD1822CDE5A660009DF72 /* MakeListingTwoView.swift */; };
		CA7CD1872CDE5AC70009DF72 /* SearchViewModel.swift in Sources */ = {isa = PBXBuildFile; fileRef = CA7CD1862CDE5AC70009DF72 /* SearchViewModel.swift */; };
		CA7CD1892CDE5B080009DF72 /* ListingDetailViewModel.swift in Sources */ = {isa = PBXBuildFile; fileRef = CA7CD1882CDE5B080009DF72 /* ListingDetailViewModel.swift */; };
		CA7CD18B2CDE5C290009DF72 /* ListingRow.swift in Sources */ = {isa = PBXBuildFile; fileRef = CA7CD18A2CDE5C280009DF72 /* ListingRow.swift */; };
		CA7CD18D2CDE5C6D0009DF72 /* ListingDetailView.swift in Sources */ = {isa = PBXBuildFile; fileRef = CA7CD18C2CDE5C6D0009DF72 /* ListingDetailView.swift */; };
		CA8C1D0F2CDD783C00D75B93 /* ListingView.swift in Sources */ = {isa = PBXBuildFile; fileRef = CA8C1D0E2CDD783C00D75B93 /* ListingView.swift */; };
		CA96ED1B2CD670BC00E6D750 /* SearchBarView.swift in Sources */ = {isa = PBXBuildFile; fileRef = CA96ED1A2CD670BC00E6D750 /* SearchBarView.swift */; };
		CA96ED1D2CD670CA00E6D750 /* ActiveRentalsView.swift in Sources */ = {isa = PBXBuildFile; fileRef = CA96ED1C2CD670CA00E6D750 /* ActiveRentalsView.swift */; };
		CA96ED1F2CD670D500E6D750 /* KeepSearchingView.swift in Sources */ = {isa = PBXBuildFile; fileRef = CA96ED1E2CD670D500E6D750 /* KeepSearchingView.swift */; };
		CA96ED212CD670DF00E6D750 /* SuggestedItemsView.swift in Sources */ = {isa = PBXBuildFile; fileRef = CA96ED202CD670DF00E6D750 /* SuggestedItemsView.swift */; };
		CA96ED232CD670EC00E6D750 /* TrendingSearchesView.swift in Sources */ = {isa = PBXBuildFile; fileRef = CA96ED222CD670EC00E6D750 /* TrendingSearchesView.swift */; };
		CA96ED252CD6A05E00E6D750 /* ActiveRentalCardView.swift in Sources */ = {isa = PBXBuildFile; fileRef = CA96ED242CD6A05E00E6D750 /* ActiveRentalCardView.swift */; };
		CAFA5B332CDAE40400D92C14 /* ListingViewModel.swift in Sources */ = {isa = PBXBuildFile; fileRef = CAFA5B322CDAE40400D92C14 /* ListingViewModel.swift */; };
		CAFA5B352CDAE41100D92C14 /* Listing.swift in Sources */ = {isa = PBXBuildFile; fileRef = CAFA5B342CDAE41100D92C14 /* Listing.swift */; };
/* End PBXBuildFile section */

/* Begin PBXFileReference section */
		7F1FD56B2CCD757400C7A788 /* rently.app */ = {isa = PBXFileReference; explicitFileType = wrapper.application; includeInIndex = 0; path = rently.app; sourceTree = BUILT_PRODUCTS_DIR; };
		7F1FD56E2CCD757400C7A788 /* rentlyApp.swift */ = {isa = PBXFileReference; lastKnownFileType = sourcecode.swift; path = rentlyApp.swift; sourceTree = "<group>"; };
		7F1FD5722CCD757500C7A788 /* Assets.xcassets */ = {isa = PBXFileReference; lastKnownFileType = folder.assetcatalog; path = Assets.xcassets; sourceTree = "<group>"; };
		7F1FD5752CCD757500C7A788 /* Preview Assets.xcassets */ = {isa = PBXFileReference; lastKnownFileType = folder.assetcatalog; path = "Preview Assets.xcassets"; sourceTree = "<group>"; };
		7F46DB6D2CCEDAF700181DB6 /* AppView.swift */ = {isa = PBXFileReference; lastKnownFileType = sourcecode.swift; path = AppView.swift; sourceTree = "<group>"; };
		7F46DB722CCEDBA700181DB6 /* HomeView.swift */ = {isa = PBXFileReference; lastKnownFileType = sourcecode.swift; path = HomeView.swift; sourceTree = "<group>"; };
		7F46DB762CCEDBBD00181DB6 /* ListView.swift */ = {isa = PBXFileReference; lastKnownFileType = sourcecode.swift; path = ListView.swift; sourceTree = "<group>"; };
		7F46DB782CCEDBC900181DB6 /* RentalsView.swift */ = {isa = PBXFileReference; lastKnownFileType = sourcecode.swift; path = RentalsView.swift; sourceTree = "<group>"; };
		7F46DB7A2CCEDBD400181DB6 /* ProfileView.swift */ = {isa = PBXFileReference; lastKnownFileType = sourcecode.swift; path = ProfileView.swift; sourceTree = "<group>"; };
		7F46DB902CD454D600181DB6 /* User.swift */ = {isa = PBXFileReference; lastKnownFileType = sourcecode.swift; path = User.swift; sourceTree = "<group>"; };
		7F46DBC32CD5612600181DB6 /* UserViewModel.swift */ = {isa = PBXFileReference; lastKnownFileType = sourcecode.swift; path = UserViewModel.swift; sourceTree = "<group>"; };
		7FDC9B3E2CD6C1DA00CAE839 /* ContentView.swift */ = {isa = PBXFileReference; lastKnownFileType = sourcecode.swift; path = ContentView.swift; sourceTree = "<group>"; };
		CA127FA52CD94DCF006330DC /* RentalDetailView.swift */ = {isa = PBXFileReference; lastKnownFileType = sourcecode.swift; path = RentalDetailView.swift; sourceTree = "<group>"; };
		CA127FA72CD958F2006330DC /* Rental.swift */ = {isa = PBXFileReference; lastKnownFileType = sourcecode.swift; path = Rental.swift; sourceTree = "<group>"; };
		CA127FA92CD95954006330DC /* ActiveRentalsViewModel.swift */ = {isa = PBXFileReference; lastKnownFileType = sourcecode.swift; path = ActiveRentalsViewModel.swift; sourceTree = "<group>"; };
		CA127FAB2CD9761D006330DC /* RentalHeaderView.swift */ = {isa = PBXFileReference; lastKnownFileType = sourcecode.swift; path = RentalHeaderView.swift; sourceTree = "<group>"; };
		CA127FAD2CD97632006330DC /* RentalItemDetailsView.swift */ = {isa = PBXFileReference; lastKnownFileType = sourcecode.swift; path = RentalItemDetailsView.swift; sourceTree = "<group>"; };
		CA127FAF2CD9763F006330DC /* RentalTimelineView.swift */ = {isa = PBXFileReference; lastKnownFileType = sourcecode.swift; path = RentalTimelineView.swift; sourceTree = "<group>"; };
		CA127FB32CD9765A006330DC /* RentalPriceView.swift */ = {isa = PBXFileReference; lastKnownFileType = sourcecode.swift; path = RentalPriceView.swift; sourceTree = "<group>"; };
		CA127FB52CD97668006330DC /* RentalContactView.swift */ = {isa = PBXFileReference; lastKnownFileType = sourcecode.swift; path = RentalContactView.swift; sourceTree = "<group>"; };
		CA127FB72CD9CCE2006330DC /* TrendingItem.swift */ = {isa = PBXFileReference; lastKnownFileType = sourcecode.swift; path = TrendingItem.swift; sourceTree = "<group>"; };
		CA127FB92CD9CCFF006330DC /* TrendingViewModel.swift */ = {isa = PBXFileReference; lastKnownFileType = sourcecode.swift; path = TrendingViewModel.swift; sourceTree = "<group>"; };
		CA127FBE2CDACA81006330DC /* PopulateListings.swift */ = {isa = PBXFileReference; lastKnownFileType = sourcecode.swift; path = PopulateListings.swift; sourceTree = "<group>"; };
		CA7CD17C2CDE5A240009DF72 /* SearchView.swift */ = {isa = PBXFileReference; fileEncoding = 4; lastKnownFileType = sourcecode.swift; name = SearchView.swift; path = "../../../../../../Desktop/rently Sara/rently/Views/SearchView.swift"; sourceTree = "<group>"; };
		CA7CD17E2CDE5A420009DF72 /* UserProfileRow.swift */ = {isa = PBXFileReference; fileEncoding = 4; lastKnownFileType = sourcecode.swift; path = UserProfileRow.swift; sourceTree = "<group>"; };
		CA7CD1802CDE5A5F0009DF72 /* MakeListingView.swift */ = {isa = PBXFileReference; fileEncoding = 4; lastKnownFileType = sourcecode.swift; path = MakeListingView.swift; sourceTree = "<group>"; };
		CA7CD1822CDE5A660009DF72 /* MakeListingTwoView.swift */ = {isa = PBXFileReference; fileEncoding = 4; lastKnownFileType = sourcecode.swift; path = MakeListingTwoView.swift; sourceTree = "<group>"; };
		CA7CD1862CDE5AC70009DF72 /* SearchViewModel.swift */ = {isa = PBXFileReference; fileEncoding = 4; lastKnownFileType = sourcecode.swift; path = SearchViewModel.swift; sourceTree = "<group>"; };
		CA7CD1882CDE5B080009DF72 /* ListingDetailViewModel.swift */ = {isa = PBXFileReference; fileEncoding = 4; lastKnownFileType = sourcecode.swift; path = ListingDetailViewModel.swift; sourceTree = "<group>"; };
		CA7CD18A2CDE5C280009DF72 /* ListingRow.swift */ = {isa = PBXFileReference; fileEncoding = 4; lastKnownFileType = sourcecode.swift; path = ListingRow.swift; sourceTree = "<group>"; };
		CA7CD18C2CDE5C6D0009DF72 /* ListingDetailView.swift */ = {isa = PBXFileReference; fileEncoding = 4; lastKnownFileType = sourcecode.swift; path = ListingDetailView.swift; sourceTree = "<group>"; };
		CA8C1D0E2CDD783C00D75B93 /* ListingView.swift */ = {isa = PBXFileReference; lastKnownFileType = sourcecode.swift; path = ListingView.swift; sourceTree = "<group>"; };
		CA96ED1A2CD670BC00E6D750 /* SearchBarView.swift */ = {isa = PBXFileReference; lastKnownFileType = sourcecode.swift; path = SearchBarView.swift; sourceTree = "<group>"; };
		CA96ED1C2CD670CA00E6D750 /* ActiveRentalsView.swift */ = {isa = PBXFileReference; lastKnownFileType = sourcecode.swift; path = ActiveRentalsView.swift; sourceTree = "<group>"; };
		CA96ED1E2CD670D500E6D750 /* KeepSearchingView.swift */ = {isa = PBXFileReference; lastKnownFileType = sourcecode.swift; path = KeepSearchingView.swift; sourceTree = "<group>"; };
		CA96ED202CD670DF00E6D750 /* SuggestedItemsView.swift */ = {isa = PBXFileReference; lastKnownFileType = sourcecode.swift; path = SuggestedItemsView.swift; sourceTree = "<group>"; };
		CA96ED222CD670EC00E6D750 /* TrendingSearchesView.swift */ = {isa = PBXFileReference; lastKnownFileType = sourcecode.swift; path = TrendingSearchesView.swift; sourceTree = "<group>"; };
		CA96ED242CD6A05E00E6D750 /* ActiveRentalCardView.swift */ = {isa = PBXFileReference; lastKnownFileType = sourcecode.swift; path = ActiveRentalCardView.swift; sourceTree = "<group>"; };
		CAFA5B322CDAE40400D92C14 /* ListingViewModel.swift */ = {isa = PBXFileReference; lastKnownFileType = sourcecode.swift; path = ListingViewModel.swift; sourceTree = "<group>"; };
		CAFA5B342CDAE41100D92C14 /* Listing.swift */ = {isa = PBXFileReference; lastKnownFileType = sourcecode.swift; path = Listing.swift; sourceTree = "<group>"; };
/* End PBXFileReference section */

/* Begin PBXFrameworksBuildPhase section */
		7F1FD5682CCD757400C7A788 /* Frameworks */ = {
			isa = PBXFrameworksBuildPhase;
			buildActionMask = 2147483647;
			files = (
				7F46DBAC2CD560B000181DB6 /* FirebaseFirestoreCombine-Community in Frameworks */,
				7F46DBC22CD560B000181DB6 /* FirebaseVertexAI in Frameworks */,
				7F46DBAE2CD560B000181DB6 /* FirebaseFunctions in Frameworks */,
				7F46DBBA2CD560B000181DB6 /* FirebasePerformance in Frameworks */,
				7F46DBC02CD560B000181DB6 /* FirebaseStorageCombine-Community in Frameworks */,
				7F46DBBC2CD560B000181DB6 /* FirebaseRemoteConfig in Frameworks */,
				7F46DBA62CD560B000181DB6 /* FirebaseDatabase in Frameworks */,
				7F46DBA82CD560B000181DB6 /* FirebaseDynamicLinks in Frameworks */,
				7F46DB9A2CD560B000181DB6 /* FirebaseAppCheck in Frameworks */,
				7F46DB9E2CD560B000181DB6 /* FirebaseAuth in Frameworks */,
				7F46DB942CD560B000181DB6 /* FirebaseAnalytics in Frameworks */,
				7F46DBAA2CD560B000181DB6 /* FirebaseFirestore in Frameworks */,
				7F46DBB82CD560B000181DB6 /* FirebaseMessaging in Frameworks */,
				7F46DBB42CD560B000181DB6 /* FirebaseInstallations in Frameworks */,
				7F46DBB02CD560B000181DB6 /* FirebaseFunctionsCombine-Community in Frameworks */,
				7F46DB9C2CD560B000181DB6 /* FirebaseAppDistribution-Beta in Frameworks */,
				7F46DB982CD560B000181DB6 /* FirebaseAnalyticsWithoutAdIdSupport in Frameworks */,
				7F46DBB22CD560B000181DB6 /* FirebaseInAppMessaging-Beta in Frameworks */,
				7F46DBA02CD560B000181DB6 /* FirebaseAuthCombine-Community in Frameworks */,
				7F46DBA42CD560B000181DB6 /* FirebaseCrashlytics in Frameworks */,
				7F46DBB62CD560B000181DB6 /* FirebaseMLModelDownloader in Frameworks */,
				7F46DBBE2CD560B000181DB6 /* FirebaseStorage in Frameworks */,
				7F46DBA22CD560B000181DB6 /* FirebaseCore in Frameworks */,
				7F46DB962CD560B000181DB6 /* FirebaseAnalyticsOnDeviceConversion in Frameworks */,
			);
			runOnlyForDeploymentPostprocessing = 0;
		};
/* End PBXFrameworksBuildPhase section */

/* Begin PBXGroup section */
		7F1FD5622CCD757400C7A788 = {
			isa = PBXGroup;
			children = (
				7F1FD56D2CCD757400C7A788 /* rently */,
				7F1FD56C2CCD757400C7A788 /* Products */,
			);
			sourceTree = "<group>";
		};
		7F1FD56C2CCD757400C7A788 /* Products */ = {
			isa = PBXGroup;
			children = (
				7F1FD56B2CCD757400C7A788 /* rently.app */,
			);
			name = Products;
			sourceTree = "<group>";
		};
		7F1FD56D2CCD757400C7A788 /* rently */ = {
			isa = PBXGroup;
			children = (
				7F46DB712CCEDB6400181DB6 /* ViewModels */,
				7F46DB702CCEDB5200181DB6 /* Models */,
				7F46DB6F2CCEDB4700181DB6 /* Views */,
				7F1FD56E2CCD757400C7A788 /* rentlyApp.swift */,
				7F1FD5722CCD757500C7A788 /* Assets.xcassets */,
				7F1FD5742CCD757500C7A788 /* Preview Content */,
				CA127FBE2CDACA81006330DC /* PopulateListings.swift */,
			);
			path = rently;
			sourceTree = "<group>";
		};
		7F1FD5742CCD757500C7A788 /* Preview Content */ = {
			isa = PBXGroup;
			children = (
				7F1FD5752CCD757500C7A788 /* Preview Assets.xcassets */,
			);
			path = "Preview Content";
			sourceTree = "<group>";
		};
		7F46DB6F2CCEDB4700181DB6 /* Views */ = {
			isa = PBXGroup;
			children = (
				CA7CD1852CDE5A7D0009DF72 /* MakeListingView */,
				CA7CD17B2CDE59F40009DF72 /* SearchView */,
				CA127FA42CD94DB4006330DC /* RentalView */,
				CA96ED192CD6708F00E6D750 /* HomeView */,
				7F46DB6D2CCEDAF700181DB6 /* AppView.swift */,
				7F46DB762CCEDBBD00181DB6 /* ListView.swift */,
				7F46DB782CCEDBC900181DB6 /* RentalsView.swift */,
				7FDC9B3E2CD6C1DA00CAE839 /* ContentView.swift */,
				7F46DB7A2CCEDBD400181DB6 /* ProfileView.swift */,
				CA8C1D0E2CDD783C00D75B93 /* ListingView.swift */,
			);
			path = Views;
			sourceTree = "<group>";
		};
		7F46DB702CCEDB5200181DB6 /* Models */ = {
			isa = PBXGroup;
			children = (
				7F46DB902CD454D600181DB6 /* User.swift */,
				CA127FA72CD958F2006330DC /* Rental.swift */,
				CA127FB72CD9CCE2006330DC /* TrendingItem.swift */,
				CAFA5B342CDAE41100D92C14 /* Listing.swift */,
			);
			path = Models;
			sourceTree = "<group>";
		};
		7F46DB712CCEDB6400181DB6 /* ViewModels */ = {
			isa = PBXGroup;
			children = (
				7F46DBC32CD5612600181DB6 /* UserViewModel.swift */,
				CA127FA92CD95954006330DC /* ActiveRentalsViewModel.swift */,
				CA127FB92CD9CCFF006330DC /* TrendingViewModel.swift */,
				CAFA5B322CDAE40400D92C14 /* ListingViewModel.swift */,
				CA7CD1882CDE5B080009DF72 /* ListingDetailViewModel.swift */,
				CA7CD1862CDE5AC70009DF72 /* SearchViewModel.swift */,
			);
			path = ViewModels;
			sourceTree = "<group>";
		};
		CA127FA42CD94DB4006330DC /* RentalView */ = {
			isa = PBXGroup;
			children = (
				CA127FA52CD94DCF006330DC /* RentalDetailView.swift */,
				CA127FAB2CD9761D006330DC /* RentalHeaderView.swift */,
				CA127FAD2CD97632006330DC /* RentalItemDetailsView.swift */,
				CA127FAF2CD9763F006330DC /* RentalTimelineView.swift */,
				CA127FB32CD9765A006330DC /* RentalPriceView.swift */,
				CA127FB52CD97668006330DC /* RentalContactView.swift */,
			);
			path = RentalView;
			sourceTree = "<group>";
		};
		CA7CD17B2CDE59F40009DF72 /* SearchView */ = {
			isa = PBXGroup;
			children = (
				CA7CD17C2CDE5A240009DF72 /* SearchView.swift */,
				CA7CD18C2CDE5C6D0009DF72 /* ListingDetailView.swift */,
				CA7CD18A2CDE5C280009DF72 /* ListingRow.swift */,
				CA7CD17E2CDE5A420009DF72 /* UserProfileRow.swift */,
			);
			path = SearchView;
			sourceTree = "<group>";
		};
		CA7CD1852CDE5A7D0009DF72 /* MakeListingView */ = {
			isa = PBXGroup;
			children = (
				CA7CD1802CDE5A5F0009DF72 /* MakeListingView.swift */,
				CA7CD1822CDE5A660009DF72 /* MakeListingTwoView.swift */,
			);
			path = MakeListingView;
			sourceTree = "<group>";
		};
		CA96ED192CD6708F00E6D750 /* HomeView */ = {
			isa = PBXGroup;
			children = (
				7F46DB722CCEDBA700181DB6 /* HomeView.swift */,
				CA96ED1A2CD670BC00E6D750 /* SearchBarView.swift */,
				CA96ED1C2CD670CA00E6D750 /* ActiveRentalsView.swift */,
				CA96ED1E2CD670D500E6D750 /* KeepSearchingView.swift */,
				CA96ED202CD670DF00E6D750 /* SuggestedItemsView.swift */,
				CA96ED222CD670EC00E6D750 /* TrendingSearchesView.swift */,
				CA96ED242CD6A05E00E6D750 /* ActiveRentalCardView.swift */,
			);
			path = HomeView;
			sourceTree = "<group>";
		};
/* End PBXGroup section */

/* Begin PBXNativeTarget section */
		7F1FD56A2CCD757400C7A788 /* rently */ = {
			isa = PBXNativeTarget;
			buildConfigurationList = 7F1FD5792CCD757500C7A788 /* Build configuration list for PBXNativeTarget "rently" */;
			buildPhases = (
				7F1FD5672CCD757400C7A788 /* Sources */,
				7F1FD5682CCD757400C7A788 /* Frameworks */,
				7F1FD5692CCD757400C7A788 /* Resources */,
			);
			buildRules = (
			);
			dependencies = (
			);
			name = rently;
			packageProductDependencies = (
				7F46DB932CD560B000181DB6 /* FirebaseAnalytics */,
				7F46DB952CD560B000181DB6 /* FirebaseAnalyticsOnDeviceConversion */,
				7F46DB972CD560B000181DB6 /* FirebaseAnalyticsWithoutAdIdSupport */,
				7F46DB992CD560B000181DB6 /* FirebaseAppCheck */,
				7F46DB9B2CD560B000181DB6 /* FirebaseAppDistribution-Beta */,
				7F46DB9D2CD560B000181DB6 /* FirebaseAuth */,
				7F46DB9F2CD560B000181DB6 /* FirebaseAuthCombine-Community */,
				7F46DBA12CD560B000181DB6 /* FirebaseCore */,
				7F46DBA32CD560B000181DB6 /* FirebaseCrashlytics */,
				7F46DBA52CD560B000181DB6 /* FirebaseDatabase */,
				7F46DBA72CD560B000181DB6 /* FirebaseDynamicLinks */,
				7F46DBA92CD560B000181DB6 /* FirebaseFirestore */,
				7F46DBAB2CD560B000181DB6 /* FirebaseFirestoreCombine-Community */,
				7F46DBAD2CD560B000181DB6 /* FirebaseFunctions */,
				7F46DBAF2CD560B000181DB6 /* FirebaseFunctionsCombine-Community */,
				7F46DBB12CD560B000181DB6 /* FirebaseInAppMessaging-Beta */,
				7F46DBB32CD560B000181DB6 /* FirebaseInstallations */,
				7F46DBB52CD560B000181DB6 /* FirebaseMLModelDownloader */,
				7F46DBB72CD560B000181DB6 /* FirebaseMessaging */,
				7F46DBB92CD560B000181DB6 /* FirebasePerformance */,
				7F46DBBB2CD560B000181DB6 /* FirebaseRemoteConfig */,
				7F46DBBD2CD560B000181DB6 /* FirebaseStorage */,
				7F46DBBF2CD560B000181DB6 /* FirebaseStorageCombine-Community */,
				7F46DBC12CD560B000181DB6 /* FirebaseVertexAI */,
			);
			productName = rently;
			productReference = 7F1FD56B2CCD757400C7A788 /* rently.app */;
			productType = "com.apple.product-type.application";
		};
/* End PBXNativeTarget section */

/* Begin PBXProject section */
		7F1FD5632CCD757400C7A788 /* Project object */ = {
			isa = PBXProject;
			attributes = {
				BuildIndependentTargetsInParallel = 1;
				LastSwiftUpdateCheck = 1540;
				LastUpgradeCheck = 1540;
				TargetAttributes = {
					7F1FD56A2CCD757400C7A788 = {
						CreatedOnToolsVersion = 15.4;
					};
				};
			};
			buildConfigurationList = 7F1FD5662CCD757400C7A788 /* Build configuration list for PBXProject "rently" */;
			compatibilityVersion = "Xcode 14.0";
			developmentRegion = en;
			hasScannedForEncodings = 0;
			knownRegions = (
				en,
				Base,
			);
			mainGroup = 7F1FD5622CCD757400C7A788;
			packageReferences = (
				7F46DB922CD560B000181DB6 /* XCRemoteSwiftPackageReference "firebase-ios-sdk" */,
			);
			productRefGroup = 7F1FD56C2CCD757400C7A788 /* Products */;
			projectDirPath = "";
			projectRoot = "";
			targets = (
				7F1FD56A2CCD757400C7A788 /* rently */,
			);
		};
/* End PBXProject section */

/* Begin PBXResourcesBuildPhase section */
		7F1FD5692CCD757400C7A788 /* Resources */ = {
			isa = PBXResourcesBuildPhase;
			buildActionMask = 2147483647;
			files = (
				7F1FD5762CCD757500C7A788 /* Preview Assets.xcassets in Resources */,
				7F1FD5732CCD757500C7A788 /* Assets.xcassets in Resources */,
			);
			runOnlyForDeploymentPostprocessing = 0;
		};
/* End PBXResourcesBuildPhase section */

/* Begin PBXSourcesBuildPhase section */
		7F1FD5672CCD757400C7A788 /* Sources */ = {
			isa = PBXSourcesBuildPhase;
			buildActionMask = 2147483647;
			files = (
				CA96ED1D2CD670CA00E6D750 /* ActiveRentalsView.swift in Sources */,
				7F46DB792CCEDBC900181DB6 /* RentalsView.swift in Sources */,
				7F46DBC42CD5612600181DB6 /* UserViewModel.swift in Sources */,
				CA7CD1812CDE5A5F0009DF72 /* MakeListingView.swift in Sources */,
				CA127FB42CD9765A006330DC /* RentalPriceView.swift in Sources */,
				CA7CD18B2CDE5C290009DF72 /* ListingRow.swift in Sources */,
				CAFA5B352CDAE41100D92C14 /* Listing.swift in Sources */,
				CA127FAA2CD95954006330DC /* ActiveRentalsViewModel.swift in Sources */,
				7F46DB732CCEDBA700181DB6 /* HomeView.swift in Sources */,
				CA127FB82CD9CCE2006330DC /* TrendingItem.swift in Sources */,
				CA96ED1F2CD670D500E6D750 /* KeepSearchingView.swift in Sources */,
				7F46DB772CCEDBBD00181DB6 /* ListView.swift in Sources */,
				CA8C1D0F2CDD783C00D75B93 /* ListingView.swift in Sources */,
				CA96ED1B2CD670BC00E6D750 /* SearchBarView.swift in Sources */,
				7F1FD56F2CCD757400C7A788 /* rentlyApp.swift in Sources */,
				CA7CD1872CDE5AC70009DF72 /* SearchViewModel.swift in Sources */,
				7FDC9B3F2CD6C1DA00CAE839 /* ContentView.swift in Sources */,
				CA7CD17D2CDE5A250009DF72 /* SearchView.swift in Sources */,
				CA7CD17F2CDE5A430009DF72 /* UserProfileRow.swift in Sources */,
				CA7CD1832CDE5A660009DF72 /* MakeListingTwoView.swift in Sources */,
				7F46DB7B2CCEDBD400181DB6 /* ProfileView.swift in Sources */,
				CA127FA82CD958F2006330DC /* Rental.swift in Sources */,
				CAFA5B332CDAE40400D92C14 /* ListingViewModel.swift in Sources */,
				CA127FB02CD9763F006330DC /* RentalTimelineView.swift in Sources */,
				CA127FB62CD97668006330DC /* RentalContactView.swift in Sources */,
				CA96ED232CD670EC00E6D750 /* TrendingSearchesView.swift in Sources */,
				CA96ED252CD6A05E00E6D750 /* ActiveRentalCardView.swift in Sources */,
				CA127FBA2CD9CCFF006330DC /* TrendingViewModel.swift in Sources */,
				7F46DB6E2CCEDAF700181DB6 /* AppView.swift in Sources */,
				CA96ED212CD670DF00E6D750 /* SuggestedItemsView.swift in Sources */,
				CA127FA62CD94DCF006330DC /* RentalDetailView.swift in Sources */,
				7F46DB912CD454D600181DB6 /* User.swift in Sources */,
				CA127FAE2CD97632006330DC /* RentalItemDetailsView.swift in Sources */,
				CA127FBF2CDACA81006330DC /* PopulateListings.swift in Sources */,
				CA7CD1892CDE5B080009DF72 /* ListingDetailViewModel.swift in Sources */,
				CA127FAC2CD9761D006330DC /* RentalHeaderView.swift in Sources */,
				CA7CD18D2CDE5C6D0009DF72 /* ListingDetailView.swift in Sources */,
			);
			runOnlyForDeploymentPostprocessing = 0;
		};
/* End PBXSourcesBuildPhase section */

/* Begin XCBuildConfiguration section */
		7F1FD5772CCD757500C7A788 /* Debug */ = {
			isa = XCBuildConfiguration;
			buildSettings = {
				ALWAYS_SEARCH_USER_PATHS = NO;
				ASSETCATALOG_COMPILER_GENERATE_SWIFT_ASSET_SYMBOL_EXTENSIONS = YES;
				CLANG_ANALYZER_NONNULL = YES;
				CLANG_ANALYZER_NUMBER_OBJECT_CONVERSION = YES_AGGRESSIVE;
				CLANG_CXX_LANGUAGE_STANDARD = "gnu++20";
				CLANG_ENABLE_MODULES = YES;
				CLANG_ENABLE_OBJC_ARC = YES;
				CLANG_ENABLE_OBJC_WEAK = YES;
				CLANG_WARN_BLOCK_CAPTURE_AUTORELEASING = YES;
				CLANG_WARN_BOOL_CONVERSION = YES;
				CLANG_WARN_COMMA = YES;
				CLANG_WARN_CONSTANT_CONVERSION = YES;
				CLANG_WARN_DEPRECATED_OBJC_IMPLEMENTATIONS = YES;
				CLANG_WARN_DIRECT_OBJC_ISA_USAGE = YES_ERROR;
				CLANG_WARN_DOCUMENTATION_COMMENTS = YES;
				CLANG_WARN_EMPTY_BODY = YES;
				CLANG_WARN_ENUM_CONVERSION = YES;
				CLANG_WARN_INFINITE_RECURSION = YES;
				CLANG_WARN_INT_CONVERSION = YES;
				CLANG_WARN_NON_LITERAL_NULL_CONVERSION = YES;
				CLANG_WARN_OBJC_IMPLICIT_RETAIN_SELF = YES;
				CLANG_WARN_OBJC_LITERAL_CONVERSION = YES;
				CLANG_WARN_OBJC_ROOT_CLASS = YES_ERROR;
				CLANG_WARN_QUOTED_INCLUDE_IN_FRAMEWORK_HEADER = YES;
				CLANG_WARN_RANGE_LOOP_ANALYSIS = YES;
				CLANG_WARN_STRICT_PROTOTYPES = YES;
				CLANG_WARN_SUSPICIOUS_MOVE = YES;
				CLANG_WARN_UNGUARDED_AVAILABILITY = YES_AGGRESSIVE;
				CLANG_WARN_UNREACHABLE_CODE = YES;
				CLANG_WARN__DUPLICATE_METHOD_MATCH = YES;
				COPY_PHASE_STRIP = NO;
				DEBUG_INFORMATION_FORMAT = dwarf;
				ENABLE_STRICT_OBJC_MSGSEND = YES;
				ENABLE_TESTABILITY = YES;
				ENABLE_USER_SCRIPT_SANDBOXING = YES;
				GCC_C_LANGUAGE_STANDARD = gnu17;
				GCC_DYNAMIC_NO_PIC = NO;
				GCC_NO_COMMON_BLOCKS = YES;
				GCC_OPTIMIZATION_LEVEL = 0;
				GCC_PREPROCESSOR_DEFINITIONS = (
					"DEBUG=1",
					"$(inherited)",
				);
				GCC_WARN_64_TO_32_BIT_CONVERSION = YES;
				GCC_WARN_ABOUT_RETURN_TYPE = YES_ERROR;
				GCC_WARN_UNDECLARED_SELECTOR = YES;
				GCC_WARN_UNINITIALIZED_AUTOS = YES_AGGRESSIVE;
				GCC_WARN_UNUSED_FUNCTION = YES;
				GCC_WARN_UNUSED_VARIABLE = YES;
				IPHONEOS_DEPLOYMENT_TARGET = 17.5;
				LOCALIZATION_PREFERS_STRING_CATALOGS = YES;
				MTL_ENABLE_DEBUG_INFO = INCLUDE_SOURCE;
				MTL_FAST_MATH = YES;
				ONLY_ACTIVE_ARCH = YES;
				SDKROOT = iphoneos;
				SWIFT_ACTIVE_COMPILATION_CONDITIONS = "DEBUG $(inherited)";
				SWIFT_OPTIMIZATION_LEVEL = "-Onone";
			};
			name = Debug;
		};
		7F1FD5782CCD757500C7A788 /* Release */ = {
			isa = XCBuildConfiguration;
			buildSettings = {
				ALWAYS_SEARCH_USER_PATHS = NO;
				ASSETCATALOG_COMPILER_GENERATE_SWIFT_ASSET_SYMBOL_EXTENSIONS = YES;
				CLANG_ANALYZER_NONNULL = YES;
				CLANG_ANALYZER_NUMBER_OBJECT_CONVERSION = YES_AGGRESSIVE;
				CLANG_CXX_LANGUAGE_STANDARD = "gnu++20";
				CLANG_ENABLE_MODULES = YES;
				CLANG_ENABLE_OBJC_ARC = YES;
				CLANG_ENABLE_OBJC_WEAK = YES;
				CLANG_WARN_BLOCK_CAPTURE_AUTORELEASING = YES;
				CLANG_WARN_BOOL_CONVERSION = YES;
				CLANG_WARN_COMMA = YES;
				CLANG_WARN_CONSTANT_CONVERSION = YES;
				CLANG_WARN_DEPRECATED_OBJC_IMPLEMENTATIONS = YES;
				CLANG_WARN_DIRECT_OBJC_ISA_USAGE = YES_ERROR;
				CLANG_WARN_DOCUMENTATION_COMMENTS = YES;
				CLANG_WARN_EMPTY_BODY = YES;
				CLANG_WARN_ENUM_CONVERSION = YES;
				CLANG_WARN_INFINITE_RECURSION = YES;
				CLANG_WARN_INT_CONVERSION = YES;
				CLANG_WARN_NON_LITERAL_NULL_CONVERSION = YES;
				CLANG_WARN_OBJC_IMPLICIT_RETAIN_SELF = YES;
				CLANG_WARN_OBJC_LITERAL_CONVERSION = YES;
				CLANG_WARN_OBJC_ROOT_CLASS = YES_ERROR;
				CLANG_WARN_QUOTED_INCLUDE_IN_FRAMEWORK_HEADER = YES;
				CLANG_WARN_RANGE_LOOP_ANALYSIS = YES;
				CLANG_WARN_STRICT_PROTOTYPES = YES;
				CLANG_WARN_SUSPICIOUS_MOVE = YES;
				CLANG_WARN_UNGUARDED_AVAILABILITY = YES_AGGRESSIVE;
				CLANG_WARN_UNREACHABLE_CODE = YES;
				CLANG_WARN__DUPLICATE_METHOD_MATCH = YES;
				COPY_PHASE_STRIP = NO;
				DEBUG_INFORMATION_FORMAT = "dwarf-with-dsym";
				ENABLE_NS_ASSERTIONS = NO;
				ENABLE_STRICT_OBJC_MSGSEND = YES;
				ENABLE_USER_SCRIPT_SANDBOXING = YES;
				GCC_C_LANGUAGE_STANDARD = gnu17;
				GCC_NO_COMMON_BLOCKS = YES;
				GCC_WARN_64_TO_32_BIT_CONVERSION = YES;
				GCC_WARN_ABOUT_RETURN_TYPE = YES_ERROR;
				GCC_WARN_UNDECLARED_SELECTOR = YES;
				GCC_WARN_UNINITIALIZED_AUTOS = YES_AGGRESSIVE;
				GCC_WARN_UNUSED_FUNCTION = YES;
				GCC_WARN_UNUSED_VARIABLE = YES;
				IPHONEOS_DEPLOYMENT_TARGET = 17.5;
				LOCALIZATION_PREFERS_STRING_CATALOGS = YES;
				MTL_ENABLE_DEBUG_INFO = NO;
				MTL_FAST_MATH = YES;
				SDKROOT = iphoneos;
				SWIFT_COMPILATION_MODE = wholemodule;
				VALIDATE_PRODUCT = YES;
			};
			name = Release;
		};
		7F1FD57A2CCD757500C7A788 /* Debug */ = {
			isa = XCBuildConfiguration;
			buildSettings = {
				ASSETCATALOG_COMPILER_APPICON_NAME = AppIcon;
				ASSETCATALOG_COMPILER_GLOBAL_ACCENT_COLOR_NAME = AccentColor;
				CODE_SIGN_STYLE = Automatic;
				CURRENT_PROJECT_VERSION = 1;
				DEVELOPMENT_ASSET_PATHS = "\"rently/Preview Content\"";
				ENABLE_PREVIEWS = YES;
				GENERATE_INFOPLIST_FILE = YES;
				INFOPLIST_KEY_UIApplicationSceneManifest_Generation = YES;
				INFOPLIST_KEY_UIApplicationSupportsIndirectInputEvents = YES;
				INFOPLIST_KEY_UILaunchScreen_Generation = YES;
				INFOPLIST_KEY_UISupportedInterfaceOrientations_iPad = "UIInterfaceOrientationPortrait UIInterfaceOrientationPortraitUpsideDown UIInterfaceOrientationLandscapeLeft UIInterfaceOrientationLandscapeRight";
				INFOPLIST_KEY_UISupportedInterfaceOrientations_iPhone = "UIInterfaceOrientationPortrait UIInterfaceOrientationLandscapeLeft UIInterfaceOrientationLandscapeRight";
				LD_RUNPATH_SEARCH_PATHS = (
					"$(inherited)",
					"@executable_path/Frameworks",
				);
				MARKETING_VERSION = 1.0;
				PRODUCT_BUNDLE_IDENTIFIER = grace.rently;
				PRODUCT_NAME = "$(TARGET_NAME)";
				SWIFT_EMIT_LOC_STRINGS = YES;
				SWIFT_VERSION = 5.0;
				TARGETED_DEVICE_FAMILY = "1,2";
			};
			name = Debug;
		};
		7F1FD57B2CCD757500C7A788 /* Release */ = {
			isa = XCBuildConfiguration;
			buildSettings = {
				ASSETCATALOG_COMPILER_APPICON_NAME = AppIcon;
				ASSETCATALOG_COMPILER_GLOBAL_ACCENT_COLOR_NAME = AccentColor;
				CODE_SIGN_STYLE = Automatic;
				CURRENT_PROJECT_VERSION = 1;
				DEVELOPMENT_ASSET_PATHS = "\"rently/Preview Content\"";
				ENABLE_PREVIEWS = YES;
				GENERATE_INFOPLIST_FILE = YES;
				INFOPLIST_KEY_UIApplicationSceneManifest_Generation = YES;
				INFOPLIST_KEY_UIApplicationSupportsIndirectInputEvents = YES;
				INFOPLIST_KEY_UILaunchScreen_Generation = YES;
				INFOPLIST_KEY_UISupportedInterfaceOrientations_iPad = "UIInterfaceOrientationPortrait UIInterfaceOrientationPortraitUpsideDown UIInterfaceOrientationLandscapeLeft UIInterfaceOrientationLandscapeRight";
				INFOPLIST_KEY_UISupportedInterfaceOrientations_iPhone = "UIInterfaceOrientationPortrait UIInterfaceOrientationLandscapeLeft UIInterfaceOrientationLandscapeRight";
				LD_RUNPATH_SEARCH_PATHS = (
					"$(inherited)",
					"@executable_path/Frameworks",
				);
				MARKETING_VERSION = 1.0;
				PRODUCT_BUNDLE_IDENTIFIER = grace.rently;
				PRODUCT_NAME = "$(TARGET_NAME)";
				SWIFT_EMIT_LOC_STRINGS = YES;
				SWIFT_VERSION = 5.0;
				TARGETED_DEVICE_FAMILY = "1,2";
			};
			name = Release;
		};
/* End XCBuildConfiguration section */

/* Begin XCConfigurationList section */
		7F1FD5662CCD757400C7A788 /* Build configuration list for PBXProject "rently" */ = {
			isa = XCConfigurationList;
			buildConfigurations = (
				7F1FD5772CCD757500C7A788 /* Debug */,
				7F1FD5782CCD757500C7A788 /* Release */,
			);
			defaultConfigurationIsVisible = 0;
			defaultConfigurationName = Release;
		};
		7F1FD5792CCD757500C7A788 /* Build configuration list for PBXNativeTarget "rently" */ = {
			isa = XCConfigurationList;
			buildConfigurations = (
				7F1FD57A2CCD757500C7A788 /* Debug */,
				7F1FD57B2CCD757500C7A788 /* Release */,
			);
			defaultConfigurationIsVisible = 0;
			defaultConfigurationName = Release;
		};
/* End XCConfigurationList section */

/* Begin XCRemoteSwiftPackageReference section */
		7F46DB922CD560B000181DB6 /* XCRemoteSwiftPackageReference "firebase-ios-sdk" */ = {
			isa = XCRemoteSwiftPackageReference;
			repositoryURL = "https://github.com/firebase/firebase-ios-sdk";
			requirement = {
				kind = upToNextMajorVersion;
				minimumVersion = 11.4.0;
			};
		};
/* End XCRemoteSwiftPackageReference section */

/* Begin XCSwiftPackageProductDependency section */
		7F46DB932CD560B000181DB6 /* FirebaseAnalytics */ = {
			isa = XCSwiftPackageProductDependency;
			package = 7F46DB922CD560B000181DB6 /* XCRemoteSwiftPackageReference "firebase-ios-sdk" */;
			productName = FirebaseAnalytics;
		};
		7F46DB952CD560B000181DB6 /* FirebaseAnalyticsOnDeviceConversion */ = {
			isa = XCSwiftPackageProductDependency;
			package = 7F46DB922CD560B000181DB6 /* XCRemoteSwiftPackageReference "firebase-ios-sdk" */;
			productName = FirebaseAnalyticsOnDeviceConversion;
		};
		7F46DB972CD560B000181DB6 /* FirebaseAnalyticsWithoutAdIdSupport */ = {
			isa = XCSwiftPackageProductDependency;
			package = 7F46DB922CD560B000181DB6 /* XCRemoteSwiftPackageReference "firebase-ios-sdk" */;
			productName = FirebaseAnalyticsWithoutAdIdSupport;
		};
		7F46DB992CD560B000181DB6 /* FirebaseAppCheck */ = {
			isa = XCSwiftPackageProductDependency;
			package = 7F46DB922CD560B000181DB6 /* XCRemoteSwiftPackageReference "firebase-ios-sdk" */;
			productName = FirebaseAppCheck;
		};
		7F46DB9B2CD560B000181DB6 /* FirebaseAppDistribution-Beta */ = {
			isa = XCSwiftPackageProductDependency;
			package = 7F46DB922CD560B000181DB6 /* XCRemoteSwiftPackageReference "firebase-ios-sdk" */;
			productName = "FirebaseAppDistribution-Beta";
		};
		7F46DB9D2CD560B000181DB6 /* FirebaseAuth */ = {
			isa = XCSwiftPackageProductDependency;
			package = 7F46DB922CD560B000181DB6 /* XCRemoteSwiftPackageReference "firebase-ios-sdk" */;
			productName = FirebaseAuth;
		};
		7F46DB9F2CD560B000181DB6 /* FirebaseAuthCombine-Community */ = {
			isa = XCSwiftPackageProductDependency;
			package = 7F46DB922CD560B000181DB6 /* XCRemoteSwiftPackageReference "firebase-ios-sdk" */;
			productName = "FirebaseAuthCombine-Community";
		};
		7F46DBA12CD560B000181DB6 /* FirebaseCore */ = {
			isa = XCSwiftPackageProductDependency;
			package = 7F46DB922CD560B000181DB6 /* XCRemoteSwiftPackageReference "firebase-ios-sdk" */;
			productName = FirebaseCore;
		};
		7F46DBA32CD560B000181DB6 /* FirebaseCrashlytics */ = {
			isa = XCSwiftPackageProductDependency;
			package = 7F46DB922CD560B000181DB6 /* XCRemoteSwiftPackageReference "firebase-ios-sdk" */;
			productName = FirebaseCrashlytics;
		};
		7F46DBA52CD560B000181DB6 /* FirebaseDatabase */ = {
			isa = XCSwiftPackageProductDependency;
			package = 7F46DB922CD560B000181DB6 /* XCRemoteSwiftPackageReference "firebase-ios-sdk" */;
			productName = FirebaseDatabase;
		};
		7F46DBA72CD560B000181DB6 /* FirebaseDynamicLinks */ = {
			isa = XCSwiftPackageProductDependency;
			package = 7F46DB922CD560B000181DB6 /* XCRemoteSwiftPackageReference "firebase-ios-sdk" */;
			productName = FirebaseDynamicLinks;
		};
		7F46DBA92CD560B000181DB6 /* FirebaseFirestore */ = {
			isa = XCSwiftPackageProductDependency;
			package = 7F46DB922CD560B000181DB6 /* XCRemoteSwiftPackageReference "firebase-ios-sdk" */;
			productName = FirebaseFirestore;
		};
		7F46DBAB2CD560B000181DB6 /* FirebaseFirestoreCombine-Community */ = {
			isa = XCSwiftPackageProductDependency;
			package = 7F46DB922CD560B000181DB6 /* XCRemoteSwiftPackageReference "firebase-ios-sdk" */;
			productName = "FirebaseFirestoreCombine-Community";
		};
		7F46DBAD2CD560B000181DB6 /* FirebaseFunctions */ = {
			isa = XCSwiftPackageProductDependency;
			package = 7F46DB922CD560B000181DB6 /* XCRemoteSwiftPackageReference "firebase-ios-sdk" */;
			productName = FirebaseFunctions;
		};
		7F46DBAF2CD560B000181DB6 /* FirebaseFunctionsCombine-Community */ = {
			isa = XCSwiftPackageProductDependency;
			package = 7F46DB922CD560B000181DB6 /* XCRemoteSwiftPackageReference "firebase-ios-sdk" */;
			productName = "FirebaseFunctionsCombine-Community";
		};
		7F46DBB12CD560B000181DB6 /* FirebaseInAppMessaging-Beta */ = {
			isa = XCSwiftPackageProductDependency;
			package = 7F46DB922CD560B000181DB6 /* XCRemoteSwiftPackageReference "firebase-ios-sdk" */;
			productName = "FirebaseInAppMessaging-Beta";
		};
		7F46DBB32CD560B000181DB6 /* FirebaseInstallations */ = {
			isa = XCSwiftPackageProductDependency;
			package = 7F46DB922CD560B000181DB6 /* XCRemoteSwiftPackageReference "firebase-ios-sdk" */;
			productName = FirebaseInstallations;
		};
		7F46DBB52CD560B000181DB6 /* FirebaseMLModelDownloader */ = {
			isa = XCSwiftPackageProductDependency;
			package = 7F46DB922CD560B000181DB6 /* XCRemoteSwiftPackageReference "firebase-ios-sdk" */;
			productName = FirebaseMLModelDownloader;
		};
		7F46DBB72CD560B000181DB6 /* FirebaseMessaging */ = {
			isa = XCSwiftPackageProductDependency;
			package = 7F46DB922CD560B000181DB6 /* XCRemoteSwiftPackageReference "firebase-ios-sdk" */;
			productName = FirebaseMessaging;
		};
		7F46DBB92CD560B000181DB6 /* FirebasePerformance */ = {
			isa = XCSwiftPackageProductDependency;
			package = 7F46DB922CD560B000181DB6 /* XCRemoteSwiftPackageReference "firebase-ios-sdk" */;
			productName = FirebasePerformance;
		};
		7F46DBBB2CD560B000181DB6 /* FirebaseRemoteConfig */ = {
			isa = XCSwiftPackageProductDependency;
			package = 7F46DB922CD560B000181DB6 /* XCRemoteSwiftPackageReference "firebase-ios-sdk" */;
			productName = FirebaseRemoteConfig;
		};
		7F46DBBD2CD560B000181DB6 /* FirebaseStorage */ = {
			isa = XCSwiftPackageProductDependency;
			package = 7F46DB922CD560B000181DB6 /* XCRemoteSwiftPackageReference "firebase-ios-sdk" */;
			productName = FirebaseStorage;
		};
		7F46DBBF2CD560B000181DB6 /* FirebaseStorageCombine-Community */ = {
			isa = XCSwiftPackageProductDependency;
			package = 7F46DB922CD560B000181DB6 /* XCRemoteSwiftPackageReference "firebase-ios-sdk" */;
			productName = "FirebaseStorageCombine-Community";
		};
		7F46DBC12CD560B000181DB6 /* FirebaseVertexAI */ = {
			isa = XCSwiftPackageProductDependency;
			package = 7F46DB922CD560B000181DB6 /* XCRemoteSwiftPackageReference "firebase-ios-sdk" */;
			productName = FirebaseVertexAI;
		};
/* End XCSwiftPackageProductDependency section */
	};
	rootObject = 7F1FD5632CCD757400C7A788 /* Project object */;
}
