{
  "pins" : [
    {
      "identity" : "elegantcalendar",
      "kind" : "remoteSourceControl",
      "location" : "https://github.com/ThasianX/ElegantCalendar",
      "state" : {
        "revision" : "d446234f27e60f5bef15f91c35d384f388ff2c7d",
        "version" : "4.3.2"
      }
    },
    {
      "identity" : "elegantpages",
      "kind" : "remoteSourceControl",
      "location" : "https://github.com/ThasianX/ElegantPages",
      "state" : {
        "revision" : "d598ce4824c40296decc84eae5b3c042d3dff842",
        "version" : "1.4.2"
      }
    }
  ],
  "version" : 2
}
